
Microsoft Visual Studio Solution File, Format Version 12.00
# Visual Studio Version 17
VisualStudioVersion = 17.8.34601.278
MinimumVisualStudioVersion = 10.0.40219.1
Project("{FAE04EC0-301F-11D3-BF4B-00C04F79EFBC}") = "DUET CS OJ", "DUET CS OJ\DUET CS OJ.csproj", "{ABBAB97A-7799-4F5F-833A-401F0CAD9AAE}"
EndProject
Global
	GlobalSection(SolutionConfigurationPlatforms) = preSolution
		Debug|Any CPU = Debug|Any CPU
		Release|Any CPU = Release|Any CPU
	EndGlobalSection
	GlobalSection(ProjectConfigurationPlatforms) = postSolution
		{ABBAB97A-7799-4F5F-833A-401F0CAD9AAE}.Debug|Any CPU.ActiveCfg = Debug|Any CPU
		{ABBAB97A-7799-4F5F-833A-401F0CAD9AAE}.Debug|Any CPU.Build.0 = Debug|Any CPU
		{ABBAB97A-7799-4F5F-833A-401F0CAD9AAE}.Release|Any CPU.ActiveCfg = Release|Any CPU
		{ABBAB97A-7799-4F5F-833A-401F0CAD9AAE}.Release|Any CPU.Build.0 = Release|Any CPU
	EndGlobalSection
	GlobalSection(SolutionProperties) = preSolution
		HideSolutionNode = FALSE
	EndGlobalSection
	GlobalSection(ExtensibilityGlobals) = postSolution
		SolutionGuid = {E4FC356A-9E30-4AB3-A390-D84608E6F7A0}
	EndGlobalSection
EndGlobal
